PODS:
  - ImagePicker (3.0.0)
  - OpalImagePicker (1.7.2)

DEPENDENCIES:
  - ImagePicker
  - OpalImagePicker

SPEC REPOS:
  https://github.com/cocoapods/specs.git:
    - ImagePicker
    - OpalImagePicker

SPEC CHECKSUMS:
  ImagePicker: 973953c25960fe04729a7082a56194321c6762d2
  OpalImagePicker: 770b495a9700fa1d02a5a3c7c8303f1ac4e6c54d

PODFILE CHECKSUM: 26e29043b1443112bd68728ad90dc095a12b376a

COCOAPODS: 1.5.3
